{
    "requires": true,
    "lockfileVersion": 1,
    "dependencies": {
        "classnames": {
            "version": "2.2.5",
            "resolved": "https://registry.npmjs.org/classnames/-/classnames-2.2.5.tgz",
            "integrity": "sha1-+zgB1FNGdknvNgPH1hoCvRKb3m0="
        },
        "feather-icons": {
            "version": "4.5.0",
            "resolved": "https://registry.npmjs.org/feather-icons/-/feather-icons-4.5.0.tgz",
            "integrity": "sha512-0DmqGqjp0uANer1UDN+o51Uj8NwLUWyjXe65xqYusuthdHFXLN78v+b5YitEDDtiSwyy+weki4RC1793CkhdpQ==",
            "requires": {
                "classnames": "2.2.5"
            }
        }
    }
}
